
Microsoft Visual Studio Solution File, Format Version 12.00
# Visual Studio 15
VisualStudioVersion = 15.0.26124.0
MinimumVisualStudioVersion = 15.0.26124.0
Project("{FAE04EC0-301F-11D3-BF4B-00C04F79EFBC}") = "WriteScheduler", "WriteScheduler\WriteScheduler.csproj", "{370AB0CB-6C03-4F88-93CE-066E17544C83}"
EndProject
Project("{FAE04EC0-301F-11D3-BF4B-00C04F79EFBC}") = "WriteSchedulerDemo", "WriteSchedulerDemo\WriteSchedulerDemo.csproj", "{480EBC0B-0C2A-4DDD-B544-9E70110E320F}"
EndProject
Global
	GlobalSection(SolutionConfigurationPlatforms) = preSolution
		Debug|Any CPU = Debug|Any CPU
		Debug|x64 = Debug|x64
		Debug|x86 = Debug|x86
		Release|Any CPU = Release|Any CPU
		Release|x64 = Release|x64
		Release|x86 = Release|x86
	EndGlobalSection
	GlobalSection(SolutionProperties) = preSolution
		HideSolutionNode = FALSE
	EndGlobalSection
	GlobalSection(ProjectConfigurationPlatforms) = postSolution
		{370AB0CB-6C03-4F88-93CE-066E17544C83}.Debug|Any CPU.ActiveCfg = Debug|Any CPU
		{370AB0CB-6C03-4F88-93CE-066E17544C83}.Debug|Any CPU.Build.0 = Debug|Any CPU
		{370AB0CB-6C03-4F88-93CE-066E17544C83}.Debug|x64.ActiveCfg = Debug|Any CPU
		{370AB0CB-6C03-4F88-93CE-066E17544C83}.Debug|x64.Build.0 = Debug|Any CPU
		{370AB0CB-6C03-4F88-93CE-066E17544C83}.Debug|x86.ActiveCfg = Debug|Any CPU
		{370AB0CB-6C03-4F88-93CE-066E17544C83}.Debug|x86.Build.0 = Debug|Any CPU
		{370AB0CB-6C03-4F88-93CE-066E17544C83}.Release|Any CPU.ActiveCfg = Release|Any CPU
		{370AB0CB-6C03-4F88-93CE-066E17544C83}.Release|Any CPU.Build.0 = Release|Any CPU
		{370AB0CB-6C03-4F88-93CE-066E17544C83}.Release|x64.ActiveCfg = Release|Any CPU
		{370AB0CB-6C03-4F88-93CE-066E17544C83}.Release|x64.Build.0 = Release|Any CPU
		{370AB0CB-6C03-4F88-93CE-066E17544C83}.Release|x86.ActiveCfg = Release|Any CPU
		{370AB0CB-6C03-4F88-93CE-066E17544C83}.Release|x86.Build.0 = Release|Any CPU
		{480EBC0B-0C2A-4DDD-B544-9E70110E320F}.Debug|Any CPU.ActiveCfg = Debug|Any CPU
		{480EBC0B-0C2A-4DDD-B544-9E70110E320F}.Debug|Any CPU.Build.0 = Debug|Any CPU
		{480EBC0B-0C2A-4DDD-B544-9E70110E320F}.Debug|x64.ActiveCfg = Debug|Any CPU
		{480EBC0B-0C2A-4DDD-B544-9E70110E320F}.Debug|x64.Build.0 = Debug|Any CPU
		{480EBC0B-0C2A-4DDD-B544-9E70110E320F}.Debug|x86.ActiveCfg = Debug|Any CPU
		{480EBC0B-0C2A-4DDD-B544-9E70110E320F}.Debug|x86.Build.0 = Debug|Any CPU
		{480EBC0B-0C2A-4DDD-B544-9E70110E320F}.Release|Any CPU.ActiveCfg = Release|Any CPU
		{480EBC0B-0C2A-4DDD-B544-9E70110E320F}.Release|Any CPU.Build.0 = Release|Any CPU
		{480EBC0B-0C2A-4DDD-B544-9E70110E320F}.Release|x64.ActiveCfg = Release|Any CPU
		{480EBC0B-0C2A-4DDD-B544-9E70110E320F}.Release|x64.Build.0 = Release|Any CPU
		{480EBC0B-0C2A-4DDD-B544-9E70110E320F}.Release|x86.ActiveCfg = Release|Any CPU
		{480EBC0B-0C2A-4DDD-B544-9E70110E320F}.Release|x86.Build.0 = Release|Any CPU
	EndGlobalSection
EndGlobal
