
Microsoft Visual Studio Solution File, Format Version 12.00
# Visual Studio 15
VisualStudioVersion = 15.0.26124.0
MinimumVisualStudioVersion = 15.0.26124.0
Project("{FAE04EC0-301F-11D3-BF4B-00C04F79EFBC}") = "ScheduledFileIO", "ScheduledFileIO\ScheduledFileIO.csproj", "{52790C0D-72A7-4E62-9A7D-BF5B77A858DB}"
EndProject
Project("{FAE04EC0-301F-11D3-BF4B-00C04F79EFBC}") = "ScheduledFileIODemo", "ScheduledFileIODemo\ScheduledFileIODemo.csproj", "{231589A2-6DDA-4339-B4A3-786ECF823535}"
EndProject
Project("{FAE04EC0-301F-11D3-BF4B-00C04F79EFBC}") = "ScheduledFileIOTests", "ScheduledFileIOTests\ScheduledFileIOTests.csproj", "{FAE7F304-964F-46D6-9D31-3A0FD1FE7C64}"
EndProject
Global
	GlobalSection(SolutionConfigurationPlatforms) = preSolution
		Debug|Any CPU = Debug|Any CPU
		Debug|x64 = Debug|x64
		Debug|x86 = Debug|x86
		Release|Any CPU = Release|Any CPU
		Release|x64 = Release|x64
		Release|x86 = Release|x86
	EndGlobalSection
	GlobalSection(SolutionProperties) = preSolution
		HideSolutionNode = FALSE
	EndGlobalSection
	GlobalSection(ProjectConfigurationPlatforms) = postSolution
		{52790C0D-72A7-4E62-9A7D-BF5B77A858DB}.Debug|Any CPU.ActiveCfg = Debug|Any CPU
		{52790C0D-72A7-4E62-9A7D-BF5B77A858DB}.Debug|Any CPU.Build.0 = Debug|Any CPU
		{52790C0D-72A7-4E62-9A7D-BF5B77A858DB}.Debug|x64.ActiveCfg = Debug|Any CPU
		{52790C0D-72A7-4E62-9A7D-BF5B77A858DB}.Debug|x64.Build.0 = Debug|Any CPU
		{52790C0D-72A7-4E62-9A7D-BF5B77A858DB}.Debug|x86.ActiveCfg = Debug|Any CPU
		{52790C0D-72A7-4E62-9A7D-BF5B77A858DB}.Debug|x86.Build.0 = Debug|Any CPU
		{52790C0D-72A7-4E62-9A7D-BF5B77A858DB}.Release|Any CPU.ActiveCfg = Release|Any CPU
		{52790C0D-72A7-4E62-9A7D-BF5B77A858DB}.Release|Any CPU.Build.0 = Release|Any CPU
		{52790C0D-72A7-4E62-9A7D-BF5B77A858DB}.Release|x64.ActiveCfg = Release|Any CPU
		{52790C0D-72A7-4E62-9A7D-BF5B77A858DB}.Release|x64.Build.0 = Release|Any CPU
		{52790C0D-72A7-4E62-9A7D-BF5B77A858DB}.Release|x86.ActiveCfg = Release|Any CPU
		{52790C0D-72A7-4E62-9A7D-BF5B77A858DB}.Release|x86.Build.0 = Release|Any CPU
		{231589A2-6DDA-4339-B4A3-786ECF823535}.Debug|Any CPU.ActiveCfg = Debug|Any CPU
		{231589A2-6DDA-4339-B4A3-786ECF823535}.Debug|Any CPU.Build.0 = Debug|Any CPU
		{231589A2-6DDA-4339-B4A3-786ECF823535}.Debug|x64.ActiveCfg = Debug|Any CPU
		{231589A2-6DDA-4339-B4A3-786ECF823535}.Debug|x64.Build.0 = Debug|Any CPU
		{231589A2-6DDA-4339-B4A3-786ECF823535}.Debug|x86.ActiveCfg = Debug|Any CPU
		{231589A2-6DDA-4339-B4A3-786ECF823535}.Debug|x86.Build.0 = Debug|Any CPU
		{231589A2-6DDA-4339-B4A3-786ECF823535}.Release|Any CPU.ActiveCfg = Release|Any CPU
		{231589A2-6DDA-4339-B4A3-786ECF823535}.Release|Any CPU.Build.0 = Release|Any CPU
		{231589A2-6DDA-4339-B4A3-786ECF823535}.Release|x64.ActiveCfg = Release|Any CPU
		{231589A2-6DDA-4339-B4A3-786ECF823535}.Release|x64.Build.0 = Release|Any CPU
		{231589A2-6DDA-4339-B4A3-786ECF823535}.Release|x86.ActiveCfg = Release|Any CPU
		{231589A2-6DDA-4339-B4A3-786ECF823535}.Release|x86.Build.0 = Release|Any CPU
		{FAE7F304-964F-46D6-9D31-3A0FD1FE7C64}.Debug|Any CPU.ActiveCfg = Debug|Any CPU
		{FAE7F304-964F-46D6-9D31-3A0FD1FE7C64}.Debug|Any CPU.Build.0 = Debug|Any CPU
		{FAE7F304-964F-46D6-9D31-3A0FD1FE7C64}.Debug|x64.ActiveCfg = Debug|Any CPU
		{FAE7F304-964F-46D6-9D31-3A0FD1FE7C64}.Debug|x64.Build.0 = Debug|Any CPU
		{FAE7F304-964F-46D6-9D31-3A0FD1FE7C64}.Debug|x86.ActiveCfg = Debug|Any CPU
		{FAE7F304-964F-46D6-9D31-3A0FD1FE7C64}.Debug|x86.Build.0 = Debug|Any CPU
		{FAE7F304-964F-46D6-9D31-3A0FD1FE7C64}.Release|Any CPU.ActiveCfg = Release|Any CPU
		{FAE7F304-964F-46D6-9D31-3A0FD1FE7C64}.Release|Any CPU.Build.0 = Release|Any CPU
		{FAE7F304-964F-46D6-9D31-3A0FD1FE7C64}.Release|x64.ActiveCfg = Release|Any CPU
		{FAE7F304-964F-46D6-9D31-3A0FD1FE7C64}.Release|x64.Build.0 = Release|Any CPU
		{FAE7F304-964F-46D6-9D31-3A0FD1FE7C64}.Release|x86.ActiveCfg = Release|Any CPU
		{FAE7F304-964F-46D6-9D31-3A0FD1FE7C64}.Release|x86.Build.0 = Release|Any CPU
	EndGlobalSection
EndGlobal
